{
  "name": "docx-platform-tests-superdoc-sdk-adapter",
  "version": "0.1.0",
  "lockfileVersion": 3,
  "requires": true,
  "packages": {
    "": {
      "name": "docx-platform-tests-superdoc-sdk-adapter",
      "version": "0.1.0",
      "license": "AGPL-3.0",
      "dependencies": {
        "@superdoc-dev/sdk": "1.16.1",
        "@xmldom/xmldom": "^0.9.10",
        "fflate": "^0.8.2"
      }
    },
    "node_modules/@superdoc-dev/sdk": {
      "version": "1.16.1",
      "resolved": "https://registry.npmjs.org/@superdoc-dev/sdk/-/sdk-1.16.1.tgz",
      "integrity": "sha512-yA0g+HCY5mBaQbJaBiL/vOpuRcwMDGyqnGOpoIDPPsHtZudry9zY3nt/evrHSHsZTHmmL8KIV1wdM8fmpVHAaw==",
      "optionalDependencies": {
        "@superdoc-dev/sdk-darwin-arm64": "1.16.1",
        "@superdoc-dev/sdk-darwin-x64": "1.16.1",
        "@superdoc-dev/sdk-linux-arm64": "1.16.1",
        "@superdoc-dev/sdk-linux-x64": "1.16.1",
        "@superdoc-dev/sdk-windows-x64": "1.16.1"
      }
    },
    "node_modules/@superdoc-dev/sdk-darwin-arm64": {
      "version": "1.16.1",
      "resolved": "https://registry.npmjs.org/@superdoc-dev/sdk-darwin-arm64/-/sdk-darwin-arm64-1.16.1.tgz",
      "integrity": "sha512-N+/wlddvep0WE+HA+ykAhY7uet+3EF13GoXMLRLrEKnMWRA0qmkOUQPcCvCnWV7KWZJDcku+DG4Ou68BscUBsw==",
      "cpu": [
        "arm64"
      ],
      "optional": true,
      "os": [
        "darwin"
      ],
      "bin": {
        "superdoc": "bin/superdoc"
      }
    },
    "node_modules/@superdoc-dev/sdk-darwin-x64": {
      "version": "1.16.1",
      "resolved": "https://registry.npmjs.org/@superdoc-dev/sdk-darwin-x64/-/sdk-darwin-x64-1.16.1.tgz",
      "integrity": "sha512-VG9xZLtddLdyDt2f8DmgV6UTuWDeLnMz/fI/1ZLkQ9w0UJfsuc2lGoVszM9vBfYLgkeSqetwXyLZLgWPBuuHmQ==",
      "cpu": [
        "x64"
      ],
      "optional": true,
      "os": [
        "darwin"
      ],
      "bin": {
        "superdoc": "bin/superdoc"
      }
    },
    "node_modules/@superdoc-dev/sdk-linux-arm64": {
      "version": "1.16.1",
      "resolved": "https://registry.npmjs.org/@superdoc-dev/sdk-linux-arm64/-/sdk-linux-arm64-1.16.1.tgz",
      "integrity": "sha512-LXiGCx+I6pc3BkfE+x1X1r5g8Izt9EjnEyggtqlY4Wy5q0cgzCuoftagVZJ/TpxmN2h4Fwlzyhe1DK+F1j4VPw==",
      "cpu": [
        "arm64"
      ],
      "optional": true,
      "os": [
        "linux"
      ],
      "bin": {
        "superdoc": "bin/superdoc"
      }
    },
    "node_modules/@superdoc-dev/sdk-linux-x64": {
      "version": "1.16.1",
      "resolved": "https://registry.npmjs.org/@superdoc-dev/sdk-linux-x64/-/sdk-linux-x64-1.16.1.tgz",
      "integrity": "sha512-wDcn7I5biF4Oo9kYjntnV23CT7+XoQyoF1Dgew01B2qpgeDrvBRTUOtYWaPpAzX7YjZ1iyrgaVccZzspevMJww==",
      "cpu": [
        "x64"
      ],
      "optional": true,
      "os": [
        "linux"
      ],
      "bin": {
        "superdoc": "bin/superdoc"
      }
    },
    "node_modules/@superdoc-dev/sdk-windows-x64": {
      "version": "1.16.1",
      "resolved": "https://registry.npmjs.org/@superdoc-dev/sdk-windows-x64/-/sdk-windows-x64-1.16.1.tgz",
      "integrity": "sha512-PAuqRat51+qQ0MpMFgAElW/dKBldjRIrIUyp5HZBrYnuy+eVLjPQDCFSMvB/Gi9T/psS4Wn0i13+oUJbyhuuQQ==",
      "cpu": [
        "x64"
      ],
      "optional": true,
      "os": [
        "win32"
      ],
      "bin": {
        "superdoc": "bin/superdoc.exe"
      }
    },
    "node_modules/@xmldom/xmldom": {
      "version": "0.9.10",
      "resolved": "https://registry.npmjs.org/@xmldom/xmldom/-/xmldom-0.9.10.tgz",
      "integrity": "sha512-A9gOqLdi6cV4ibazAjcQufGj0B1y/vDqYrcuP6d/6x8P27gRS8643Dj9o1dEKtB6O7fwxb2FgBmJS2mX7gpvdw==",
      "license": "MIT",
      "engines": {
        "node": ">=14.6"
      }
    },
    "node_modules/fflate": {
      "version": "0.8.3",
      "resolved": "https://registry.npmjs.org/fflate/-/fflate-0.8.3.tgz",
      "integrity": "sha512-tbZNuJrLwGUp3zshBtdy4W+ORxZuIh8a5ilyIEQDC5rY1f3U20JMry0Ll3WBzU58EZKsEuJFXhb5gwv8CsPvgA==",
      "license": "MIT"
    }
  }
}
